
Microsoft Visual Studio Solution File, Format Version 12.00
# Visual Studio Version 17
VisualStudioVersion = 17.5.33424.131
MinimumVisualStudioVersion = 10.0.40219.1
Project("{9A19103F-16F7-4668-BE54-9A1E7A4F7556}") = "Apps.ModernMT", "Apps.ModernMT\Apps.ModernMT.csproj", "{FF45861C-3808-44DA-A01E-56D28FF0C691}"
EndProject
Project("{FAE04EC0-301F-11D3-BF4B-00C04F79EFBC}") = "ConsoleApp1", "ConsoleApp1\ConsoleApp1.csproj", "{42720D36-F835-495F-A253-77AADBA62D1A}"
EndProject
Global
	GlobalSection(SolutionConfigurationPlatforms) = preSolution
		Debug|Any CPU = Debug|Any CPU
		Release|Any CPU = Release|Any CPU
	EndGlobalSection
	GlobalSection(ProjectConfigurationPlatforms) = postSolution
		{FF45861C-3808-44DA-A01E-56D28FF0C691}.Debug|Any CPU.ActiveCfg = Debug|Any CPU
		{FF45861C-3808-44DA-A01E-56D28FF0C691}.Debug|Any CPU.Build.0 = Debug|Any CPU
		{FF45861C-3808-44DA-A01E-56D28FF0C691}.Release|Any CPU.ActiveCfg = Release|Any CPU
		{FF45861C-3808-44DA-A01E-56D28FF0C691}.Release|Any CPU.Build.0 = Release|Any CPU
		{42720D36-F835-495F-A253-77AADBA62D1A}.Debug|Any CPU.ActiveCfg = Debug|Any CPU
		{42720D36-F835-495F-A253-77AADBA62D1A}.Debug|Any CPU.Build.0 = Debug|Any CPU
		{42720D36-F835-495F-A253-77AADBA62D1A}.Release|Any CPU.ActiveCfg = Release|Any CPU
		{42720D36-F835-495F-A253-77AADBA62D1A}.Release|Any CPU.Build.0 = Release|Any CPU
	EndGlobalSection
	GlobalSection(SolutionProperties) = preSolution
		HideSolutionNode = FALSE
	EndGlobalSection
	GlobalSection(ExtensibilityGlobals) = postSolution
		SolutionGuid = {BD1E3BDF-5EB3-4846-AEEA-20C52E2852CD}
	EndGlobalSection
EndGlobal
